
Microsoft Visual Studio Solution File, Format Version 12.00
# Visual Studio 14
VisualStudioVersion = 14.0.25420.1
MinimumVisualStudioVersion = 10.0.40219.1
Project("{2150E333-8FDC-42A3-9474-1A3956D46DE8}") = "Solution Items", "Solution Items", "{DA84697A-A363-4B9F-BA44-DA85B560A530}"
	ProjectSection(SolutionItems) = preProject
		.gitignore = .gitignore
		README.md = README.md
	EndProjectSection
EndProject
Project("{FAE04EC0-301F-11D3-BF4B-00C04F79EFBC}") = "data-rogue-core", "data-rogue-core\data-rogue-core.csproj", "{2C899088-9F23-4411-BAD7-E175A886C67C}"
EndProject
Project("{FAE04EC0-301F-11D3-BF4B-00C04F79EFBC}") = "data-rogue-core.UnitTests", "data-rogue-core.UnitTests\data-rogue-core.UnitTests.csproj", "{31729F7B-2EC8-42F3-B0A0-4FB67A333229}"
EndProject
Global
	GlobalSection(SolutionConfigurationPlatforms) = preSolution
		Debug|Any CPU = Debug|Any CPU
		Release|Any CPU = Release|Any CPU
	EndGlobalSection
	GlobalSection(ProjectConfigurationPlatforms) = postSolution
		{2C899088-9F23-4411-BAD7-E175A886C67C}.Debug|Any CPU.ActiveCfg = Debug|Any CPU
		{2C899088-9F23-4411-BAD7-E175A886C67C}.Debug|Any CPU.Build.0 = Debug|Any CPU
		{2C899088-9F23-4411-BAD7-E175A886C67C}.Release|Any CPU.ActiveCfg = Release|Any CPU
		{2C899088-9F23-4411-BAD7-E175A886C67C}.Release|Any CPU.Build.0 = Release|Any CPU
		{31729F7B-2EC8-42F3-B0A0-4FB67A333229}.Debug|Any CPU.ActiveCfg = Debug|Any CPU
		{31729F7B-2EC8-42F3-B0A0-4FB67A333229}.Debug|Any CPU.Build.0 = Debug|Any CPU
		{31729F7B-2EC8-42F3-B0A0-4FB67A333229}.Release|Any CPU.ActiveCfg = Release|Any CPU
		{31729F7B-2EC8-42F3-B0A0-4FB67A333229}.Release|Any CPU.Build.0 = Release|Any CPU
	EndGlobalSection
	GlobalSection(SolutionProperties) = preSolution
		HideSolutionNode = FALSE
	EndGlobalSection
EndGlobal
